
Microsoft Visual Studio Solution File, Format Version 12.00
# Visual Studio 2012
Project("{FAE04EC0-301F-11D3-BF4B-00C04F79EFBC}") = "belgo-quest", "belgo-quest\belgo-quest.csproj", "{6094BDF6-42C6-4F10-952F-E9286CDC67B2}"
EndProject
Project("{FAE04EC0-301F-11D3-BF4B-00C04F79EFBC}") = "belgo-quest.iOS", "iOS\belgo-quest.iOS.csproj", "{4661BE61-1CFF-4049-83CE-BD8FF6D19DF3}"
EndProject
Project("{FAE04EC0-301F-11D3-BF4B-00C04F79EFBC}") = "belgo-quest.Droid", "Droid\belgo-quest.Droid.csproj", "{349A0B6F-5A1A-452F-A7A9-E605EC7BF197}"
EndProject
Project("{FAE04EC0-301F-11D3-BF4B-00C04F79EFBC}") = "ApiRepository", "ApiRepository\ApiRepository.csproj", "{2238F8CF-FF85-4A5E-BCB3-6A8F8093EDB2}"
EndProject
Project("{FAE04EC0-301F-11D3-BF4B-00C04F79EFBC}") = "Definition", "Definition\Definition.csproj", "{762A2977-F91E-4FC5-8D1F-B2ADD9894FD2}"
EndProject
Project("{FAE04EC0-301F-11D3-BF4B-00C04F79EFBC}") = "DataService", "DataService\DataService.csproj", "{40ECB351-016A-4039-843B-274F70905A4A}"
EndProject
Project("{2150E333-8FDC-42A3-9474-1A3956D46DE8}") = "FileSolution", "FileSolution", "{2B2FBDC8-7E24-45B1-9B38-4C792F41CD1A}"
	ProjectSection(SolutionItems) = preProject
		Droid\com.jidd.belgo_quest.apk = Droid\com.jidd.belgo_quest.apk
	EndProjectSection
EndProject
Global
	GlobalSection(SolutionConfigurationPlatforms) = preSolution
		Debug|Any CPU = Debug|Any CPU
		Release|Any CPU = Release|Any CPU
		Debug|iPhoneSimulator = Debug|iPhoneSimulator
		Release|iPhone = Release|iPhone
		Release|iPhoneSimulator = Release|iPhoneSimulator
		Debug|iPhone = Debug|iPhone
	EndGlobalSection
	GlobalSection(ProjectConfigurationPlatforms) = postSolution
		{2238F8CF-FF85-4A5E-BCB3-6A8F8093EDB2}.Debug|Any CPU.ActiveCfg = Debug|Any CPU
		{2238F8CF-FF85-4A5E-BCB3-6A8F8093EDB2}.Debug|Any CPU.Build.0 = Debug|Any CPU
		{2238F8CF-FF85-4A5E-BCB3-6A8F8093EDB2}.Debug|iPhone.ActiveCfg = Debug|Any CPU
		{2238F8CF-FF85-4A5E-BCB3-6A8F8093EDB2}.Debug|iPhone.Build.0 = Debug|Any CPU
		{2238F8CF-FF85-4A5E-BCB3-6A8F8093EDB2}.Debug|iPhoneSimulator.ActiveCfg = Debug|Any CPU
		{2238F8CF-FF85-4A5E-BCB3-6A8F8093EDB2}.Debug|iPhoneSimulator.Build.0 = Debug|Any CPU
		{2238F8CF-FF85-4A5E-BCB3-6A8F8093EDB2}.Release|Any CPU.ActiveCfg = Release|Any CPU
		{2238F8CF-FF85-4A5E-BCB3-6A8F8093EDB2}.Release|Any CPU.Build.0 = Release|Any CPU
		{2238F8CF-FF85-4A5E-BCB3-6A8F8093EDB2}.Release|iPhone.ActiveCfg = Release|Any CPU
		{2238F8CF-FF85-4A5E-BCB3-6A8F8093EDB2}.Release|iPhone.Build.0 = Release|Any CPU
		{2238F8CF-FF85-4A5E-BCB3-6A8F8093EDB2}.Release|iPhoneSimulator.ActiveCfg = Release|Any CPU
		{2238F8CF-FF85-4A5E-BCB3-6A8F8093EDB2}.Release|iPhoneSimulator.Build.0 = Release|Any CPU
		{349A0B6F-5A1A-452F-A7A9-E605EC7BF197}.Debug|Any CPU.ActiveCfg = Debug|Any CPU
		{349A0B6F-5A1A-452F-A7A9-E605EC7BF197}.Debug|Any CPU.Build.0 = Debug|Any CPU
		{349A0B6F-5A1A-452F-A7A9-E605EC7BF197}.Debug|iPhone.ActiveCfg = Debug|Any CPU
		{349A0B6F-5A1A-452F-A7A9-E605EC7BF197}.Debug|iPhone.Build.0 = Debug|Any CPU
		{349A0B6F-5A1A-452F-A7A9-E605EC7BF197}.Debug|iPhoneSimulator.ActiveCfg = Debug|Any CPU
		{349A0B6F-5A1A-452F-A7A9-E605EC7BF197}.Debug|iPhoneSimulator.Build.0 = Debug|Any CPU
		{349A0B6F-5A1A-452F-A7A9-E605EC7BF197}.Release|Any CPU.ActiveCfg = Release|Any CPU
		{349A0B6F-5A1A-452F-A7A9-E605EC7BF197}.Release|Any CPU.Build.0 = Release|Any CPU
		{349A0B6F-5A1A-452F-A7A9-E605EC7BF197}.Release|iPhone.ActiveCfg = Release|Any CPU
		{349A0B6F-5A1A-452F-A7A9-E605EC7BF197}.Release|iPhone.Build.0 = Release|Any CPU
		{349A0B6F-5A1A-452F-A7A9-E605EC7BF197}.Release|iPhoneSimulator.ActiveCfg = Release|Any CPU
		{349A0B6F-5A1A-452F-A7A9-E605EC7BF197}.Release|iPhoneSimulator.Build.0 = Release|Any CPU
		{40ECB351-016A-4039-843B-274F70905A4A}.Debug|Any CPU.ActiveCfg = Debug|Any CPU
		{40ECB351-016A-4039-843B-274F70905A4A}.Debug|Any CPU.Build.0 = Debug|Any CPU
		{40ECB351-016A-4039-843B-274F70905A4A}.Debug|iPhone.ActiveCfg = Debug|Any CPU
		{40ECB351-016A-4039-843B-274F70905A4A}.Debug|iPhone.Build.0 = Debug|Any CPU
		{40ECB351-016A-4039-843B-274F70905A4A}.Debug|iPhoneSimulator.ActiveCfg = Debug|Any CPU
		{40ECB351-016A-4039-843B-274F70905A4A}.Debug|iPhoneSimulator.Build.0 = Debug|Any CPU
		{40ECB351-016A-4039-843B-274F70905A4A}.Release|Any CPU.ActiveCfg = Release|Any CPU
		{40ECB351-016A-4039-843B-274F70905A4A}.Release|Any CPU.Build.0 = Release|Any CPU
		{40ECB351-016A-4039-843B-274F70905A4A}.Release|iPhone.ActiveCfg = Release|Any CPU
		{40ECB351-016A-4039-843B-274F70905A4A}.Release|iPhone.Build.0 = Release|Any CPU
		{40ECB351-016A-4039-843B-274F70905A4A}.Release|iPhoneSimulator.ActiveCfg = Release|Any CPU
		{40ECB351-016A-4039-843B-274F70905A4A}.Release|iPhoneSimulator.Build.0 = Release|Any CPU
		{4661BE61-1CFF-4049-83CE-BD8FF6D19DF3}.Debug|Any CPU.ActiveCfg = Debug|iPhoneSimulator
		{4661BE61-1CFF-4049-83CE-BD8FF6D19DF3}.Debug|Any CPU.Build.0 = Debug|iPhoneSimulator
		{4661BE61-1CFF-4049-83CE-BD8FF6D19DF3}.Debug|iPhone.ActiveCfg = Debug|iPhone
		{4661BE61-1CFF-4049-83CE-BD8FF6D19DF3}.Debug|iPhone.Build.0 = Debug|iPhone
		{4661BE61-1CFF-4049-83CE-BD8FF6D19DF3}.Debug|iPhoneSimulator.ActiveCfg = Debug|iPhoneSimulator
		{4661BE61-1CFF-4049-83CE-BD8FF6D19DF3}.Debug|iPhoneSimulator.Build.0 = Debug|iPhoneSimulator
		{4661BE61-1CFF-4049-83CE-BD8FF6D19DF3}.Release|Any CPU.ActiveCfg = Release|iPhone
		{4661BE61-1CFF-4049-83CE-BD8FF6D19DF3}.Release|Any CPU.Build.0 = Release|iPhone
		{4661BE61-1CFF-4049-83CE-BD8FF6D19DF3}.Release|iPhone.ActiveCfg = Release|iPhone
		{4661BE61-1CFF-4049-83CE-BD8FF6D19DF3}.Release|iPhone.Build.0 = Release|iPhone
		{4661BE61-1CFF-4049-83CE-BD8FF6D19DF3}.Release|iPhoneSimulator.ActiveCfg = Release|iPhoneSimulator
		{4661BE61-1CFF-4049-83CE-BD8FF6D19DF3}.Release|iPhoneSimulator.Build.0 = Release|iPhoneSimulator
		{6094BDF6-42C6-4F10-952F-E9286CDC67B2}.Debug|Any CPU.ActiveCfg = Debug|Any CPU
		{6094BDF6-42C6-4F10-952F-E9286CDC67B2}.Debug|Any CPU.Build.0 = Debug|Any CPU
		{6094BDF6-42C6-4F10-952F-E9286CDC67B2}.Debug|iPhone.ActiveCfg = Debug|Any CPU
		{6094BDF6-42C6-4F10-952F-E9286CDC67B2}.Debug|iPhone.Build.0 = Debug|Any CPU
		{6094BDF6-42C6-4F10-952F-E9286CDC67B2}.Debug|iPhoneSimulator.ActiveCfg = Debug|Any CPU
		{6094BDF6-42C6-4F10-952F-E9286CDC67B2}.Debug|iPhoneSimulator.Build.0 = Debug|Any CPU
		{6094BDF6-42C6-4F10-952F-E9286CDC67B2}.Release|Any CPU.ActiveCfg = Release|Any CPU
		{6094BDF6-42C6-4F10-952F-E9286CDC67B2}.Release|Any CPU.Build.0 = Release|Any CPU
		{6094BDF6-42C6-4F10-952F-E9286CDC67B2}.Release|iPhone.ActiveCfg = Release|Any CPU
		{6094BDF6-42C6-4F10-952F-E9286CDC67B2}.Release|iPhone.Build.0 = Release|Any CPU
		{6094BDF6-42C6-4F10-952F-E9286CDC67B2}.Release|iPhoneSimulator.ActiveCfg = Release|Any CPU
		{6094BDF6-42C6-4F10-952F-E9286CDC67B2}.Release|iPhoneSimulator.Build.0 = Release|Any CPU
		{762A2977-F91E-4FC5-8D1F-B2ADD9894FD2}.Debug|Any CPU.ActiveCfg = Debug|Any CPU
		{762A2977-F91E-4FC5-8D1F-B2ADD9894FD2}.Debug|Any CPU.Build.0 = Debug|Any CPU
		{762A2977-F91E-4FC5-8D1F-B2ADD9894FD2}.Debug|iPhone.ActiveCfg = Debug|Any CPU
		{762A2977-F91E-4FC5-8D1F-B2ADD9894FD2}.Debug|iPhone.Build.0 = Debug|Any CPU
		{762A2977-F91E-4FC5-8D1F-B2ADD9894FD2}.Debug|iPhoneSimulator.ActiveCfg = Debug|Any CPU
		{762A2977-F91E-4FC5-8D1F-B2ADD9894FD2}.Debug|iPhoneSimulator.Build.0 = Debug|Any CPU
		{762A2977-F91E-4FC5-8D1F-B2ADD9894FD2}.Release|Any CPU.ActiveCfg = Release|Any CPU
		{762A2977-F91E-4FC5-8D1F-B2ADD9894FD2}.Release|Any CPU.Build.0 = Release|Any CPU
		{762A2977-F91E-4FC5-8D1F-B2ADD9894FD2}.Release|iPhone.ActiveCfg = Release|Any CPU
		{762A2977-F91E-4FC5-8D1F-B2ADD9894FD2}.Release|iPhone.Build.0 = Release|Any CPU
		{762A2977-F91E-4FC5-8D1F-B2ADD9894FD2}.Release|iPhoneSimulator.ActiveCfg = Release|Any CPU
		{762A2977-F91E-4FC5-8D1F-B2ADD9894FD2}.Release|iPhoneSimulator.Build.0 = Release|Any CPU
	EndGlobalSection
	GlobalSection(NestedProjects) = preSolution
	EndGlobalSection
EndGlobal
